
Microsoft Visual Studio Solution File, Format Version 12.00
# Visual Studio 14
VisualStudioVersion = 14.0.25420.1
MinimumVisualStudioVersion = 10.0.40219.1
Project("{FAE04EC0-301F-11D3-BF4B-00C04F79EFBC}") = "CsvFileLibrary", "CsvFileLibrary\CsvFileLibrary.csproj", "{0D6E0E94-CA30-4801-8C52-DEE5371425B1}"
EndProject
Project("{FAE04EC0-301F-11D3-BF4B-00C04F79EFBC}") = "DispensaryLibrary", "DispensaryLibrary\DispensaryLibrary.csproj", "{E4C188E3-D6EF-4C07-BB7E-30CDA0BE70E1}"
EndProject
Project("{FAE04EC0-301F-11D3-BF4B-00C04F79EFBC}") = "Test", "Test\Test.csproj", "{D6E92CE6-C625-4154-91FC-703BE0BF6D14}"
EndProject
Project("{FAE04EC0-301F-11D3-BF4B-00C04F79EFBC}") = "WinFormUI", "WinFormUI\WinFormUI.csproj", "{49F8D7EA-C744-405C-A509-6A2274E3BF30}"
EndProject
Global
	GlobalSection(SolutionConfigurationPlatforms) = preSolution
		Debug|Any CPU = Debug|Any CPU
		Release|Any CPU = Release|Any CPU
	EndGlobalSection
	GlobalSection(ProjectConfigurationPlatforms) = postSolution
		{0D6E0E94-CA30-4801-8C52-DEE5371425B1}.Debug|Any CPU.ActiveCfg = Debug|Any CPU
		{0D6E0E94-CA30-4801-8C52-DEE5371425B1}.Debug|Any CPU.Build.0 = Debug|Any CPU
		{0D6E0E94-CA30-4801-8C52-DEE5371425B1}.Release|Any CPU.ActiveCfg = Release|Any CPU
		{0D6E0E94-CA30-4801-8C52-DEE5371425B1}.Release|Any CPU.Build.0 = Release|Any CPU
		{E4C188E3-D6EF-4C07-BB7E-30CDA0BE70E1}.Debug|Any CPU.ActiveCfg = Debug|Any CPU
		{E4C188E3-D6EF-4C07-BB7E-30CDA0BE70E1}.Debug|Any CPU.Build.0 = Debug|Any CPU
		{E4C188E3-D6EF-4C07-BB7E-30CDA0BE70E1}.Release|Any CPU.ActiveCfg = Release|Any CPU
		{E4C188E3-D6EF-4C07-BB7E-30CDA0BE70E1}.Release|Any CPU.Build.0 = Release|Any CPU
		{D6E92CE6-C625-4154-91FC-703BE0BF6D14}.Debug|Any CPU.ActiveCfg = Debug|Any CPU
		{D6E92CE6-C625-4154-91FC-703BE0BF6D14}.Debug|Any CPU.Build.0 = Debug|Any CPU
		{D6E92CE6-C625-4154-91FC-703BE0BF6D14}.Release|Any CPU.ActiveCfg = Release|Any CPU
		{D6E92CE6-C625-4154-91FC-703BE0BF6D14}.Release|Any CPU.Build.0 = Release|Any CPU
		{49F8D7EA-C744-405C-A509-6A2274E3BF30}.Debug|Any CPU.ActiveCfg = Debug|Any CPU
		{49F8D7EA-C744-405C-A509-6A2274E3BF30}.Debug|Any CPU.Build.0 = Debug|Any CPU
		{49F8D7EA-C744-405C-A509-6A2274E3BF30}.Release|Any CPU.ActiveCfg = Release|Any CPU
		{49F8D7EA-C744-405C-A509-6A2274E3BF30}.Release|Any CPU.Build.0 = Release|Any CPU
	EndGlobalSection
	GlobalSection(SolutionProperties) = preSolution
		HideSolutionNode = FALSE
	EndGlobalSection
EndGlobal
